PODS:
  - GlobalModule (0.0.1):
    - GlobalModule/Core (= 0.0.1)

DEPENDENCIES:
  - GlobalModule (from `../`)

EXTERNAL SOURCES:
  GlobalModule:
    :path: "../"

SPEC CHECKSUMS:
  GlobalModule: e26947bfaabb54dc64fd33b6e4dfe1567a0a87aa

PODFILE CHECKSUM: b12f1887216c9a14326c38ae0efafc3a7b346106

COCOAPODS: 1.16.2
