PODS:
  - GlobalModule (0.0.1):
    - GlobalModule/Image (= 0.0.1)
  - GlobalModule/Image (0.0.1):
    - Kingfisher
  - Kingfisher (8.1.0)

DEPENDENCIES:
  - GlobalModule (from `../`)

SPEC REPOS:
  trunk:
    - Kingfisher

EXTERNAL SOURCES:
  GlobalModule:
    :path: "../"

SPEC CHECKSUMS:
  GlobalModule: bdddd070f7db4b1b2ae0818b5d2783661ebb0910
  Kingfisher: dfbf20b6249ed4ef6f18d6a96c847bce860bdb95

PODFILE CHECKSUM: 30560a64cb11496bdd178d2c50c2d83a8ba757ae

COCOAPODS: 1.16.2
